// !$*UTF8*$!
{
	archiveVersion = 1;
	classes = {
	};
	objectVersion = 50;
	objects = {

/* Begin PBXBuildFile section */
		0D02439C220E45D100091BDF /* AppDelegate.m in Sources */ = {isa = PBXBuildFile; fileRef = 0D02439B220E45D100091BDF /* AppDelegate.m */; };
		0D02439F220E45D100091BDF /* ViewController.m in Sources */ = {isa = PBXBuildFile; fileRef = 0D02439E220E45D100091BDF /* ViewController.m */; };
		0D0243A2220E45D100091BDF /* Main.storyboard in Resources */ = {isa = PBXBuildFile; fileRef = 0D0243A0220E45D100091BDF /* Main.storyboard */; };
		0D0243A4220E45D300091BDF /* Assets.xcassets in Resources */ = {isa = PBXBuildFile; fileRef = 0D0243A3220E45D300091BDF /* Assets.xcassets */; };
		0D0243A7220E45D300091BDF /* LaunchScreen.storyboard in Resources */ = {isa = PBXBuildFile; fileRef = 0D0243A5220E45D300091BDF /* LaunchScreen.storyboard */; };
		0D0243AA220E45D300091BDF /* main.m in Sources */ = {isa = PBXBuildFile; fileRef = 0D0243A9220E45D300091BDF /* main.m */; };
		0D0243B4220E45D300091BDF /* GroupBuyingDisplayTests.m in Sources */ = {isa = PBXBuildFile; fileRef = 0D0243B3220E45D300091BDF /* GroupBuyingDisplayTests.m */; };
		0D0243BF220E45D300091BDF /* GroupBuyingDisplayUITests.m in Sources */ = {isa = PBXBuildFile; fileRef = 0D0243BE220E45D300091BDF /* GroupBuyingDisplayUITests.m */; };
		0D0243D1220E483A00091BDF /* tgs.plist in Resources */ = {isa = PBXBuildFile; fileRef = 0D0243D0220E483A00091BDF /* tgs.plist */; };
		0D0243D4220E489A00091BDF /* SCGroupItem.m in Sources */ = {isa = PBXBuildFile; fileRef = 0D0243D3220E489A00091BDF /* SCGroupItem.m */; };
		0D0243D7220E4EA600091BDF /* SCTableViewCell.m in Sources */ = {isa = PBXBuildFile; fileRef = 0D0243D6220E4EA600091BDF /* SCTableViewCell.m */; };
		0D0243E9220E54C400091BDF /* SCTableViewCell.xib in Resources */ = {isa = PBXBuildFile; fileRef = 0D0243E8220E54C400091BDF /* SCTableViewCell.xib */; };
		0D0243EB220E9F0300091BDF /* SCFooterView.xib in Resources */ = {isa = PBXBuildFile; fileRef = 0D0243EA220E9F0300091BDF /* SCFooterView.xib */; };
		0D0243EE220EA29F00091BDF /* SCFooterView.m in Sources */ = {isa = PBXBuildFile; fileRef = 0D0243ED220EA29F00091BDF /* SCFooterView.m */; };
		0DC08323220FBF5F00F0B12B /* SCHeaderView.xib in Resources */ = {isa = PBXBuildFile; fileRef = 0DC08322220FBF5F00F0B12B /* SCHeaderView.xib */; };
		0DC08326220FC0B300F0B12B /* SCHeaderView.m in Sources */ = {isa = PBXBuildFile; fileRef = 0DC08325220FC0B300F0B12B /* SCHeaderView.m */; };
/* End PBXBuildFile section */

/* Begin PBXContainerItemProxy section */
		0D0243B0220E45D300091BDF /* PBXContainerItemProxy */ = {
			isa = PBXContainerItemProxy;
			containerPortal = 0D02438F220E45D100091BDF /* Project object */;
			proxyType = 1;
			remoteGlobalIDString = 0D024396220E45D100091BDF;
			remoteInfo = GroupBuyingDisplay;
		};
		0D0243BB220E45D300091BDF /* PBXContainerItemProxy */ = {
			isa = PBXContainerItemProxy;
			containerPortal = 0D02438F220E45D100091BDF /* Project object */;
			proxyType = 1;
			remoteGlobalIDString = 0D024396220E45D100091BDF;
			remoteInfo = GroupBuyingDisplay;
		};
/* End PBXContainerItemProxy section */

/* Begin PBXFileReference section */
		0D024397220E45D100091BDF /* GroupBuyingDisplay.app */ = {isa = PBXFileReference; explicitFileType = wrapper.application; includeInIndex = 0; path = GroupBuyingDisplay.app; sourceTree = BUILT_PRODUCTS_DIR; };
		0D02439A220E45D100091BDF /* AppDelegate.h */ = {isa = PBXFileReference; lastKnownFileType = sourcecode.c.h; path = AppDelegate.h; sourceTree = "<group>"; };
		0D02439B220E45D100091BDF /* AppDelegate.m */ = {isa = PBXFileReference; lastKnownFileType = sourcecode.c.objc; path = AppDelegate.m; sourceTree = "<group>"; };
		0D02439D220E45D100091BDF /* ViewController.h */ = {isa = PBXFileReference; lastKnownFileType = sourcecode.c.h; path = ViewController.h; sourceTree = "<group>"; };
		0D02439E220E45D100091BDF /* ViewController.m */ = {isa = PBXFileReference; lastKnownFileType = sourcecode.c.objc; path = ViewController.m; sourceTree = "<group>"; };
		0D0243A1220E45D100091BDF /* Base */ = {isa = PBXFileReference; lastKnownFileType = file.storyboard; name = Base; path = Base.lproj/Main.storyboard; sourceTree = "<group>"; };
		0D0243A3220E45D300091BDF /* Assets.xcassets */ = {isa = PBXFileReference; lastKnownFileType = folder.assetcatalog; path = Assets.xcassets; sourceTree = "<group>"; };
		0D0243A6220E45D300091BDF /* Base */ = {isa = PBXFileReference; lastKnownFileType = file.storyboard; name = Base; path = Base.lproj/LaunchScreen.storyboard; sourceTree = "<group>"; };
		0D0243A8220E45D300091BDF /* Info.plist */ = {isa = PBXFileReference; lastKnownFileType = text.plist.xml; path = Info.plist; sourceTree = "<group>"; };
		0D0243A9220E45D300091BDF /* main.m */ = {isa = PBXFileReference; lastKnownFileType = sourcecode.c.objc; path = main.m; sourceTree = "<group>"; };
		0D0243AF220E45D300091BDF /* GroupBuyingDisplayTests.xctest */ = {isa = PBXFileReference; explicitFileType = wrapper.cfbundle; includeInIndex = 0; path = GroupBuyingDisplayTests.xctest; sourceTree = BUILT_PRODUCTS_DIR; };
		0D0243B3220E45D300091BDF /* GroupBuyingDisplayTests.m */ = {isa = PBXFileReference; lastKnownFileType = sourcecode.c.objc; path = GroupBuyingDisplayTests.m; sourceTree = "<group>"; };
		0D0243B5220E45D300091BDF /* Info.plist */ = {isa = PBXFileReference; lastKnownFileType = text.plist.xml; path = Info.plist; sourceTree = "<group>"; };
		0D0243BA220E45D300091BDF /* GroupBuyingDisplayUITests.xctest */ = {isa = PBXFileReference; explicitFileType = wrapper.cfbundle; includeInIndex = 0; path = GroupBuyingDisplayUITests.xctest; sourceTree = BUILT_PRODUCTS_DIR; };
		0D0243BE220E45D300091BDF /* GroupBuyingDisplayUITests.m */ = {isa = PBXFileReference; lastKnownFileType = sourcecode.c.objc; path = GroupBuyingDisplayUITests.m; sourceTree = "<group>"; };
		0D0243C0220E45D300091BDF /* Info.plist */ = {isa = PBXFileReference; lastKnownFileType = text.plist.xml; path = Info.plist; sourceTree = "<group>"; };
		0D0243D0220E483A00091BDF /* tgs.plist */ = {isa = PBXFileReference; fileEncoding = 4; lastKnownFileType = text.plist.xml; path = tgs.plist; sourceTree = "<group>"; };
		0D0243D2220E489A00091BDF /* SCGroupItem.h */ = {isa = PBXFileReference; lastKnownFileType = sourcecode.c.h; path = SCGroupItem.h; sourceTree = "<group>"; };
		0D0243D3220E489A00091BDF /* SCGroupItem.m */ = {isa = PBXFileReference; lastKnownFileType = sourcecode.c.objc; path = SCGroupItem.m; sourceTree = "<group>"; };
		0D0243D5220E4EA600091BDF /* SCTableViewCell.h */ = {isa = PBXFileReference; lastKnownFileType = sourcecode.c.h; path = SCTableViewCell.h; sourceTree = "<group>"; };
		0D0243D6220E4EA600091BDF /* SCTableViewCell.m */ = {isa = PBXFileReference; lastKnownFileType = sourcecode.c.objc; path = SCTableViewCell.m; sourceTree = "<group>"; };
		0D0243E8220E54C400091BDF /* SCTableViewCell.xib */ = {isa = PBXFileReference; lastKnownFileType = file.xib; path = SCTableViewCell.xib; sourceTree = "<group>"; };
		0D0243EA220E9F0300091BDF /* SCFooterView.xib */ = {isa = PBXFileReference; lastKnownFileType = file.xib; path = SCFooterView.xib; sourceTree = "<group>"; };
		0D0243EC220EA29F00091BDF /* SCFooterView.h */ = {isa = PBXFileReference; lastKnownFileType = sourcecode.c.h; path = SCFooterView.h; sourceTree = "<group>"; };
		0D0243ED220EA29F00091BDF /* SCFooterView.m */ = {isa = PBXFileReference; lastKnownFileType = sourcecode.c.objc; path = SCFooterView.m; sourceTree = "<group>"; };
		0DC08322220FBF5F00F0B12B /* SCHeaderView.xib */ = {isa = PBXFileReference; lastKnownFileType = file.xib; path = SCHeaderView.xib; sourceTree = "<group>"; };
		0DC08324220FC0B300F0B12B /* SCHeaderView.h */ = {isa = PBXFileReference; lastKnownFileType = sourcecode.c.h; path = SCHeaderView.h; sourceTree = "<group>"; };
		0DC08325220FC0B300F0B12B /* SCHeaderView.m */ = {isa = PBXFileReference; lastKnownFileType = sourcecode.c.objc; path = SCHeaderView.m; sourceTree = "<group>"; };
/* End PBXFileReference section */

/* Begin PBXFrameworksBuildPhase section */
		0D024394220E45D100091BDF /* Frameworks */ = {
			isa = PBXFrameworksBuildPhase;
			buildActionMask = 2147483647;
			files = (
			);
			runOnlyForDeploymentPostprocessing = 0;
		};
		0D0243AC220E45D300091BDF /* Frameworks */ = {
			isa = PBXFrameworksBuildPhase;
			buildActionMask = 2147483647;
			files = (
			);
			runOnlyForDeploymentPostprocessing = 0;
		};
		0D0243B7220E45D300091BDF /* Frameworks */ = {
			isa = PBXFrameworksBuildPhase;
			buildActionMask = 2147483647;
			files = (
			);
			runOnlyForDeploymentPostprocessing = 0;
		};
/* End PBXFrameworksBuildPhase section */

/* Begin PBXGroup section */
		0D02438E220E45D100091BDF = {
			isa = PBXGroup;
			children = (
				0D024399220E45D100091BDF /* GroupBuyingDisplay */,
				0D0243B2220E45D300091BDF /* GroupBuyingDisplayTests */,
				0D0243BD220E45D300091BDF /* GroupBuyingDisplayUITests */,
				0D024398220E45D100091BDF /* Products */,
			);
			sourceTree = "<group>";
		};
		0D024398220E45D100091BDF /* Products */ = {
			isa = PBXGroup;
			children = (
				0D024397220E45D100091BDF /* GroupBuyingDisplay.app */,
				0D0243AF220E45D300091BDF /* GroupBuyingDisplayTests.xctest */,
				0D0243BA220E45D300091BDF /* GroupBuyingDisplayUITests.xctest */,
			);
			name = Products;
			sourceTree = "<group>";
		};
		0D024399220E45D100091BDF /* GroupBuyingDisplay */ = {
			isa = PBXGroup;
			children = (
				0D0243CF220E45F900091BDF /* Controllers */,
				0D0243CE220E45F200091BDF /* Models */,
				0D0243CD220E45EA00091BDF /* Views */,
				0D0243CC220E45DE00091BDF /* Others */,
				0D0243D0220E483A00091BDF /* tgs.plist */,
				0D0243A3220E45D300091BDF /* Assets.xcassets */,
				0D0243A8220E45D300091BDF /* Info.plist */,
				0D0243A9220E45D300091BDF /* main.m */,
			);
			path = GroupBuyingDisplay;
			sourceTree = "<group>";
		};
		0D0243B2220E45D300091BDF /* GroupBuyingDisplayTests */ = {
			isa = PBXGroup;
			children = (
				0D0243B3220E45D300091BDF /* GroupBuyingDisplayTests.m */,
				0D0243B5220E45D300091BDF /* Info.plist */,
			);
			path = GroupBuyingDisplayTests;
			sourceTree = "<group>";
		};
		0D0243BD220E45D300091BDF /* GroupBuyingDisplayUITests */ = {
			isa = PBXGroup;
			children = (
				0D0243BE220E45D300091BDF /* GroupBuyingDisplayUITests.m */,
				0D0243C0220E45D300091BDF /* Info.plist */,
			);
			path = GroupBuyingDisplayUITests;
			sourceTree = "<group>";
		};
		0D0243CC220E45DE00091BDF /* Others */ = {
			isa = PBXGroup;
			children = (
				0D02439A220E45D100091BDF /* AppDelegate.h */,
				0D02439B220E45D100091BDF /* AppDelegate.m */,
			);
			name = Others;
			sourceTree = "<group>";
		};
		0D0243CD220E45EA00091BDF /* Views */ = {
			isa = PBXGroup;
			children = (
				0D0243A0220E45D100091BDF /* Main.storyboard */,
				0D0243A5220E45D300091BDF /* LaunchScreen.storyboard */,
				0D0243D5220E4EA600091BDF /* SCTableViewCell.h */,
				0D0243D6220E4EA600091BDF /* SCTableViewCell.m */,
				0D0243E8220E54C400091BDF /* SCTableViewCell.xib */,
				0D0243EA220E9F0300091BDF /* SCFooterView.xib */,
				0D0243EC220EA29F00091BDF /* SCFooterView.h */,
				0D0243ED220EA29F00091BDF /* SCFooterView.m */,
				0DC08322220FBF5F00F0B12B /* SCHeaderView.xib */,
				0DC08324220FC0B300F0B12B /* SCHeaderView.h */,
				0DC08325220FC0B300F0B12B /* SCHeaderView.m */,
			);
			name = Views;
			sourceTree = "<group>";
		};
		0D0243CE220E45F200091BDF /* Models */ = {
			isa = PBXGroup;
			children = (
				0D0243D2220E489A00091BDF /* SCGroupItem.h */,
				0D0243D3220E489A00091BDF /* SCGroupItem.m */,
			);
			name = Models;
			sourceTree = "<group>";
		};
		0D0243CF220E45F900091BDF /* Controllers */ = {
			isa = PBXGroup;
			children = (
				0D02439D220E45D100091BDF /* ViewController.h */,
				0D02439E220E45D100091BDF /* ViewController.m */,
			);
			name = Controllers;
			sourceTree = "<group>";
		};
/* End PBXGroup section */

/* Begin PBXNativeTarget section */
		0D024396220E45D100091BDF /* GroupBuyingDisplay */ = {
			isa = PBXNativeTarget;
			buildConfigurationList = 0D0243C3220E45D300091BDF /* Build configuration list for PBXNativeTarget "GroupBuyingDisplay" */;
			buildPhases = (
				0D024393220E45D100091BDF /* Sources */,
				0D024394220E45D100091BDF /* Frameworks */,
				0D024395220E45D100091BDF /* Resources */,
			);
			buildRules = (
			);
			dependencies = (
			);
			name = GroupBuyingDisplay;
			productName = GroupBuyingDisplay;
			productReference = 0D024397220E45D100091BDF /* GroupBuyingDisplay.app */;
			productType = "com.apple.product-type.application";
		};
		0D0243AE220E45D300091BDF /* GroupBuyingDisplayTests */ = {
			isa = PBXNativeTarget;
			buildConfigurationList = 0D0243C6220E45D300091BDF /* Build configuration list for PBXNativeTarget "GroupBuyingDisplayTests" */;
			buildPhases = (
				0D0243AB220E45D300091BDF /* Sources */,
				0D0243AC220E45D300091BDF /* Frameworks */,
				0D0243AD220E45D300091BDF /* Resources */,
			);
			buildRules = (
			);
			dependencies = (
				0D0243B1220E45D300091BDF /* PBXTargetDependency */,
			);
			name = GroupBuyingDisplayTests;
			productName = GroupBuyingDisplayTests;
			productReference = 0D0243AF220E45D300091BDF /* GroupBuyingDisplayTests.xctest */;
			productType = "com.apple.product-type.bundle.unit-test";
		};
		0D0243B9220E45D300091BDF /* GroupBuyingDisplayUITests */ = {
			isa = PBXNativeTarget;
			buildConfigurationList = 0D0243C9220E45D300091BDF /* Build configuration list for PBXNativeTarget "GroupBuyingDisplayUITests" */;
			buildPhases = (
				0D0243B6220E45D300091BDF /* Sources */,
				0D0243B7220E45D300091BDF /* Frameworks */,
				0D0243B8220E45D300091BDF /* Resources */,
			);
			buildRules = (
			);
			dependencies = (
				0D0243BC220E45D300091BDF /* PBXTargetDependency */,
			);
			name = GroupBuyingDisplayUITests;
			productName = GroupBuyingDisplayUITests;
			productReference = 0D0243BA220E45D300091BDF /* GroupBuyingDisplayUITests.xctest */;
			productType = "com.apple.product-type.bundle.ui-testing";
		};
/* End PBXNativeTarget section */

/* Begin PBXProject section */
		0D02438F220E45D100091BDF /* Project object */ = {
			isa = PBXProject;
			attributes = {
				CLASSPREFIX = SC;
				LastUpgradeCheck = 1010;
				ORGANIZATIONNAME = "Stephen Cao";
				TargetAttributes = {
					0D024396220E45D100091BDF = {
						CreatedOnToolsVersion = 10.1;
					};
					0D0243AE220E45D300091BDF = {
						CreatedOnToolsVersion = 10.1;
						TestTargetID = 0D024396220E45D100091BDF;
					};
					0D0243B9220E45D300091BDF = {
						CreatedOnToolsVersion = 10.1;
						TestTargetID = 0D024396220E45D100091BDF;
					};
				};
			};
			buildConfigurationList = 0D024392220E45D100091BDF /* Build configuration list for PBXProject "GroupBuyingDisplay" */;
			compatibilityVersion = "Xcode 9.3";
			developmentRegion = en;
			hasScannedForEncodings = 0;
			knownRegions = (
				en,
				Base,
			);
			mainGroup = 0D02438E220E45D100091BDF;
			productRefGroup = 0D024398220E45D100091BDF /* Products */;
			projectDirPath = "";
			projectRoot = "";
			targets = (
				0D024396220E45D100091BDF /* GroupBuyingDisplay */,
				0D0243AE220E45D300091BDF /* GroupBuyingDisplayTests */,
				0D0243B9220E45D300091BDF /* GroupBuyingDisplayUITests */,
			);
		};
/* End PBXProject section */

/* Begin PBXResourcesBuildPhase section */
		0D024395220E45D100091BDF /* Resources */ = {
			isa = PBXResourcesBuildPhase;
			buildActionMask = 2147483647;
			files = (
				0D0243E9220E54C400091BDF /* SCTableViewCell.xib in Resources */,
				0D0243EB220E9F0300091BDF /* SCFooterView.xib in Resources */,
				0D0243A7220E45D300091BDF /* LaunchScreen.storyboard in Resources */,
				0DC08323220FBF5F00F0B12B /* SCHeaderView.xib in Resources */,
				0D0243D1220E483A00091BDF /* tgs.plist in Resources */,
				0D0243A4220E45D300091BDF /* Assets.xcassets in Resources */,
				0D0243A2220E45D100091BDF /* Main.storyboard in Resources */,
			);
			runOnlyForDeploymentPostprocessing = 0;
		};
		0D0243AD220E45D300091BDF /* Resources */ = {
			isa = PBXResourcesBuildPhase;
			buildActionMask = 2147483647;
			files = (
			);
			runOnlyForDeploymentPostprocessing = 0;
		};
		0D0243B8220E45D300091BDF /* Resources */ = {
			isa = PBXResourcesBuildPhase;
			buildActionMask = 2147483647;
			files = (
			);
			runOnlyForDeploymentPostprocessing = 0;
		};
/* End PBXResourcesBuildPhase section */

/* Begin PBXSourcesBuildPhase section */
		0D024393220E45D100091BDF /* Sources */ = {
			isa = PBXSourcesBuildPhase;
			buildActionMask = 2147483647;
			files = (
				0DC08326220FC0B300F0B12B /* SCHeaderView.m in Sources */,
				0D02439F220E45D100091BDF /* ViewController.m in Sources */,
				0D0243AA220E45D300091BDF /* main.m in Sources */,
				0D0243D7220E4EA600091BDF /* SCTableViewCell.m in Sources */,
				0D0243D4220E489A00091BDF /* SCGroupItem.m in Sources */,
				0D02439C220E45D100091BDF /* AppDelegate.m in Sources */,
				0D0243EE220EA29F00091BDF /* SCFooterView.m in Sources */,
			);
			runOnlyForDeploymentPostprocessing = 0;
		};
		0D0243AB220E45D300091BDF /* Sources */ = {
			isa = PBXSourcesBuildPhase;
			buildActionMask = 2147483647;
			files = (
				0D0243B4220E45D300091BDF /* GroupBuyingDisplayTests.m in Sources */,
			);
			runOnlyForDeploymentPostprocessing = 0;
		};
		0D0243B6220E45D300091BDF /* Sources */ = {
			isa = PBXSourcesBuildPhase;
			buildActionMask = 2147483647;
			files = (
				0D0243BF220E45D300091BDF /* GroupBuyingDisplayUITests.m in Sources */,
			);
			runOnlyForDeploymentPostprocessing = 0;
		};
/* End PBXSourcesBuildPhase section */

/* Begin PBXTargetDependency section */
		0D0243B1220E45D300091BDF /* PBXTargetDependency */ = {
			isa = PBXTargetDependency;
			target = 0D024396220E45D100091BDF /* GroupBuyingDisplay */;
			targetProxy = 0D0243B0220E45D300091BDF /* PBXContainerItemProxy */;
		};
		0D0243BC220E45D300091BDF /* PBXTargetDependency */ = {
			isa = PBXTargetDependency;
			target = 0D024396220E45D100091BDF /* GroupBuyingDisplay */;
			targetProxy = 0D0243BB220E45D300091BDF /* PBXContainerItemProxy */;
		};
/* End PBXTargetDependency section */

/* Begin PBXVariantGroup section */
		0D0243A0220E45D100091BDF /* Main.storyboard */ = {
			isa = PBXVariantGroup;
			children = (
				0D0243A1220E45D100091BDF /* Base */,
			);
			name = Main.storyboard;
			sourceTree = "<group>";
		};
		0D0243A5220E45D300091BDF /* LaunchScreen.storyboard */ = {
			isa = PBXVariantGroup;
			children = (
				0D0243A6220E45D300091BDF /* Base */,
			);
			name = LaunchScreen.storyboard;
			sourceTree = "<group>";
		};
/* End PBXVariantGroup section */

/* Begin XCBuildConfiguration section */
		0D0243C1220E45D300091BDF /* Debug */ = {
			isa = XCBuildConfiguration;
			buildSettings = {
				ALWAYS_SEARCH_USER_PATHS = NO;
				CLANG_ANALYZER_NONNULL = YES;
				CLANG_ANALYZER_NUMBER_OBJECT_CONVERSION = YES_AGGRESSIVE;
				CLANG_CXX_LANGUAGE_STANDARD = "gnu++14";
				CLANG_CXX_LIBRARY = "libc++";
				CLANG_ENABLE_MODULES = YES;
				CLANG_ENABLE_OBJC_ARC = YES;
				CLANG_ENABLE_OBJC_WEAK = YES;
				CLANG_WARN_BLOCK_CAPTURE_AUTORELEASING = YES;
				CLANG_WARN_BOOL_CONVERSION = YES;
				CLANG_WARN_COMMA = YES;
				CLANG_WARN_CONSTANT_CONVERSION = YES;
				CLANG_WARN_DEPRECATED_OBJC_IMPLEMENTATIONS = YES;
				CLANG_WARN_DIRECT_OBJC_ISA_USAGE = YES_ERROR;
				CLANG_WARN_DOCUMENTATION_COMMENTS = YES;
				CLANG_WARN_EMPTY_BODY = YES;
				CLANG_WARN_ENUM_CONVERSION = YES;
				CLANG_WARN_INFINITE_RECURSION = YES;
				CLANG_WARN_INT_CONVERSION = YES;
				CLANG_WARN_NON_LITERAL_NULL_CONVERSION = YES;
				CLANG_WARN_OBJC_IMPLICIT_RETAIN_SELF = YES;
				CLANG_WARN_OBJC_LITERAL_CONVERSION = YES;
				CLANG_WARN_OBJC_ROOT_CLASS = YES_ERROR;
				CLANG_WARN_RANGE_LOOP_ANALYSIS = YES;
				CLANG_WARN_STRICT_PROTOTYPES = YES;
				CLANG_WARN_SUSPICIOUS_MOVE = YES;
				CLANG_WARN_UNGUARDED_AVAILABILITY = YES_AGGRESSIVE;
				CLANG_WARN_UNREACHABLE_CODE = YES;
				CLANG_WARN__DUPLICATE_METHOD_MATCH = YES;
				CODE_SIGN_IDENTITY = "iPhone Developer";
				COPY_PHASE_STRIP = NO;
				DEBUG_INFORMATION_FORMAT = dwarf;
				ENABLE_STRICT_OBJC_MSGSEND = YES;
				ENABLE_TESTABILITY = YES;
				GCC_C_LANGUAGE_STANDARD = gnu11;
				GCC_DYNAMIC_NO_PIC = NO;
				GCC_NO_COMMON_BLOCKS = YES;
				GCC_OPTIMIZATION_LEVEL = 0;
				GCC_PREPROCESSOR_DEFINITIONS = (
					"DEBUG=1",
					"$(inherited)",
				);
				GCC_WARN_64_TO_32_BIT_CONVERSION = YES;
				GCC_WARN_ABOUT_RETURN_TYPE = YES_ERROR;
				GCC_WARN_UNDECLARED_SELECTOR = YES;
				GCC_WARN_UNINITIALIZED_AUTOS = YES_AGGRESSIVE;
				GCC_WARN_UNUSED_FUNCTION = YES;
				GCC_WARN_UNUSED_VARIABLE = YES;
				IPHONEOS_DEPLOYMENT_TARGET = 12.1;
				MTL_ENABLE_DEBUG_INFO = INCLUDE_SOURCE;
				MTL_FAST_MATH = YES;
				ONLY_ACTIVE_ARCH = YES;
				SDKROOT = iphoneos;
			};
			name = Debug;
		};
		0D0243C2220E45D300091BDF /* Release */ = {
			isa = XCBuildConfiguration;
			buildSettings = {
				ALWAYS_SEARCH_USER_PATHS = NO;
				CLANG_ANALYZER_NONNULL = YES;
				CLANG_ANALYZER_NUMBER_OBJECT_CONVERSION = YES_AGGRESSIVE;
				CLANG_CXX_LANGUAGE_STANDARD = "gnu++14";
				CLANG_CXX_LIBRARY = "libc++";
				CLANG_ENABLE_MODULES = YES;
				CLANG_ENABLE_OBJC_ARC = YES;
				CLANG_ENABLE_OBJC_WEAK = YES;
				CLANG_WARN_BLOCK_CAPTURE_AUTORELEASING = YES;
				CLANG_WARN_BOOL_CONVERSION = YES;
				CLANG_WARN_COMMA = YES;
				CLANG_WARN_CONSTANT_CONVERSION = YES;
				CLANG_WARN_DEPRECATED_OBJC_IMPLEMENTATIONS = YES;
				CLANG_WARN_DIRECT_OBJC_ISA_USAGE = YES_ERROR;
				CLANG_WARN_DOCUMENTATION_COMMENTS = YES;
				CLANG_WARN_EMPTY_BODY = YES;
				CLANG_WARN_ENUM_CONVERSION = YES;
				CLANG_WARN_INFINITE_RECURSION = YES;
				CLANG_WARN_INT_CONVERSION = YES;
				CLANG_WARN_NON_LITERAL_NULL_CONVERSION = YES;
				CLANG_WARN_OBJC_IMPLICIT_RETAIN_SELF = YES;
				CLANG_WARN_OBJC_LITERAL_CONVERSION = YES;
				CLANG_WARN_OBJC_ROOT_CLASS = YES_ERROR;
				CLANG_WARN_RANGE_LOOP_ANALYSIS = YES;
				CLANG_WARN_STRICT_PROTOTYPES = YES;
				CLANG_WARN_SUSPICIOUS_MOVE = YES;
				CLANG_WARN_UNGUARDED_AVAILABILITY = YES_AGGRESSIVE;
				CLANG_WARN_UNREACHABLE_CODE = YES;
				CLANG_WARN__DUPLICATE_METHOD_MATCH = YES;
				CODE_SIGN_IDENTITY = "iPhone Developer";
				COPY_PHASE_STRIP = NO;
				DEBUG_INFORMATION_FORMAT = "dwarf-with-dsym";
				ENABLE_NS_ASSERTIONS = NO;
				ENABLE_STRICT_OBJC_MSGSEND = YES;
				GCC_C_LANGUAGE_STANDARD = gnu11;
				GCC_NO_COMMON_BLOCKS = YES;
				GCC_WARN_64_TO_32_BIT_CONVERSION = YES;
				GCC_WARN_ABOUT_RETURN_TYPE = YES_ERROR;
				GCC_WARN_UNDECLARED_SELECTOR = YES;
				GCC_WARN_UNINITIALIZED_AUTOS = YES_AGGRESSIVE;
				GCC_WARN_UNUSED_FUNCTION = YES;
				GCC_WARN_UNUSED_VARIABLE = YES;
				IPHONEOS_DEPLOYMENT_TARGET = 12.1;
				MTL_ENABLE_DEBUG_INFO = NO;
				MTL_FAST_MATH = YES;
				SDKROOT = iphoneos;
				VALIDATE_PRODUCT = YES;
			};
			name = Release;
		};
		0D0243C4220E45D300091BDF /* Debug */ = {
			isa = XCBuildConfiguration;
			buildSettings = {
				ASSETCATALOG_COMPILER_APPICON_NAME = AppIcon;
				CODE_SIGN_STYLE = Automatic;
				INFOPLIST_FILE = GroupBuyingDisplay/Info.plist;
				LD_RUNPATH_SEARCH_PATHS = (
					"$(inherited)",
					"@executable_path/Frameworks",
				);
				PRODUCT_BUNDLE_IDENTIFIER = project.GroupBuyingDisplay;
				PRODUCT_NAME = "$(TARGET_NAME)";
				TARGETED_DEVICE_FAMILY = "1,2";
			};
			name = Debug;
		};
		0D0243C5220E45D300091BDF /* Release */ = {
			isa = XCBuildConfiguration;
			buildSettings = {
				ASSETCATALOG_COMPILER_APPICON_NAME = AppIcon;
				CODE_SIGN_STYLE = Automatic;
				INFOPLIST_FILE = GroupBuyingDisplay/Info.plist;
				LD_RUNPATH_SEARCH_PATHS = (
					"$(inherited)",
					"@executable_path/Frameworks",
				);
				PRODUCT_BUNDLE_IDENTIFIER = project.GroupBuyingDisplay;
				PRODUCT_NAME = "$(TARGET_NAME)";
				TARGETED_DEVICE_FAMILY = "1,2";
			};
			name = Release;
		};
		0D0243C7220E45D300091BDF /* Debug */ = {
			isa = XCBuildConfiguration;
			buildSettings = {
				BUNDLE_LOADER = "$(TEST_HOST)";
				CODE_SIGN_STYLE = Automatic;
				INFOPLIST_FILE = GroupBuyingDisplayTests/Info.plist;
				LD_RUNPATH_SEARCH_PATHS = (
					"$(inherited)",
					"@executable_path/Frameworks",
					"@loader_path/Frameworks",
				);
				PRODUCT_BUNDLE_IDENTIFIER = project.GroupBuyingDisplayTests;
				PRODUCT_NAME = "$(TARGET_NAME)";
				TARGETED_DEVICE_FAMILY = "1,2";
				TEST_HOST = "$(BUILT_PRODUCTS_DIR)/GroupBuyingDisplay.app/GroupBuyingDisplay";
			};
			name = Debug;
		};
		0D0243C8220E45D300091BDF /* Release */ = {
			isa = XCBuildConfiguration;
			buildSettings = {
				BUNDLE_LOADER = "$(TEST_HOST)";
				CODE_SIGN_STYLE = Automatic;
				INFOPLIST_FILE = GroupBuyingDisplayTests/Info.plist;
				LD_RUNPATH_SEARCH_PATHS = (
					"$(inherited)",
					"@executable_path/Frameworks",
					"@loader_path/Frameworks",
				);
				PRODUCT_BUNDLE_IDENTIFIER = project.GroupBuyingDisplayTests;
				PRODUCT_NAME = "$(TARGET_NAME)";
				TARGETED_DEVICE_FAMILY = "1,2";
				TEST_HOST = "$(BUILT_PRODUCTS_DIR)/GroupBuyingDisplay.app/GroupBuyingDisplay";
			};
			name = Release;
		};
		0D0243CA220E45D300091BDF /* Debug */ = {
			isa = XCBuildConfiguration;
			buildSettings = {
				CODE_SIGN_STYLE = Automatic;
				INFOPLIST_FILE = GroupBuyingDisplayUITests/Info.plist;
				LD_RUNPATH_SEARCH_PATHS = (
					"$(inherited)",
					"@executable_path/Frameworks",
					"@loader_path/Frameworks",
				);
				PRODUCT_BUNDLE_IDENTIFIER = project.GroupBuyingDisplayUITests;
				PRODUCT_NAME = "$(TARGET_NAME)";
				TARGETED_DEVICE_FAMILY = "1,2";
				TEST_TARGET_NAME = GroupBuyingDisplay;
			};
			name = Debug;
		};
		0D0243CB220E45D300091BDF /* Release */ = {
			isa = XCBuildConfiguration;
			buildSettings = {
				CODE_SIGN_STYLE = Automatic;
				INFOPLIST_FILE = GroupBuyingDisplayUITests/Info.plist;
				LD_RUNPATH_SEARCH_PATHS = (
					"$(inherited)",
					"@executable_path/Frameworks",
					"@loader_path/Frameworks",
				);
				PRODUCT_BUNDLE_IDENTIFIER = project.GroupBuyingDisplayUITests;
				PRODUCT_NAME = "$(TARGET_NAME)";
				TARGETED_DEVICE_FAMILY = "1,2";
				TEST_TARGET_NAME = GroupBuyingDisplay;
			};
			name = Release;
		};
/* End XCBuildConfiguration section */

/* Begin XCConfigurationList section */
		0D024392220E45D100091BDF /* Build configuration list for PBXProject "GroupBuyingDisplay" */ = {
			isa = XCConfigurationList;
			buildConfigurations = (
				0D0243C1220E45D300091BDF /* Debug */,
				0D0243C2220E45D300091BDF /* Release */,
			);
			defaultConfigurationIsVisible = 0;
			defaultConfigurationName = Release;
		};
		0D0243C3220E45D300091BDF /* Build configuration list for PBXNativeTarget "GroupBuyingDisplay" */ = {
			isa = XCConfigurationList;
			buildConfigurations = (
				0D0243C4220E45D300091BDF /* Debug */,
				0D0243C5220E45D300091BDF /* Release */,
			);
			defaultConfigurationIsVisible = 0;
			defaultConfigurationName = Release;
		};
		0D0243C6220E45D300091BDF /* Build configuration list for PBXNativeTarget "GroupBuyingDisplayTests" */ = {
			isa = XCConfigurationList;
			buildConfigurations = (
				0D0243C7220E45D300091BDF /* Debug */,
				0D0243C8220E45D300091BDF /* Release */,
			);
			defaultConfigurationIsVisible = 0;
			defaultConfigurationName = Release;
		};
		0D0243C9220E45D300091BDF /* Build configuration list for PBXNativeTarget "GroupBuyingDisplayUITests" */ = {
			isa = XCConfigurationList;
			buildConfigurations = (
				0D0243CA220E45D300091BDF /* Debug */,
				0D0243CB220E45D300091BDF /* Release */,
			);
			defaultConfigurationIsVisible = 0;
			defaultConfigurationName = Release;
		};
/* End XCConfigurationList section */
	};
	rootObject = 0D02438F220E45D100091BDF /* Project object */;
}
